Microsoft Visual Studio Solution File, Format Version 12.00
# Visual Studio Version 16
VisualStudioVersion = 16.0.29326.143
MinimumVisualStudioVersion = 10.0.40219.1
Project("{9A19103F-16F7-4668-BE54-9A1E7A4F7556}") = "WebMarket", "WebMarket\WebMarket.csproj", "{6BD9624B-B4DC-43AF-BCAE-261AF1EDE9A7}"
EndProject
Project("{FAE04EC0-301F-11D3-BF4B-00C04F79EFBC}") = "DataClassLibrary", "Data Class Library\DataClassLibrary.csproj", "{81521CA6-8909-4CBB-97D3-FEB07E55E334}"
EndProject
Project("{F2A71F9B-5D33-465A-A702-920D77279786}") = "FunctionLibraryFS", "FunctionLibraryFS\FunctionLibraryFS.fsproj", "{4FBB067E-CDA1-47C3-A702-1C8EBC435F21}"
EndProject
Global
	GlobalSection(SolutionConfigurationPlatforms) = preSolution
		Debug|Any CPU = Debug|Any CPU
		Release|Any CPU = Release|Any CPU
	EndGlobalSection
	GlobalSection(ProjectConfigurationPlatforms) = postSolution
		{6BD9624B-B4DC-43AF-BCAE-261AF1EDE9A7}.Debug|Any CPU.ActiveCfg = Debug|Any CPU
		{6BD9624B-B4DC-43AF-BCAE-261AF1EDE9A7}.Debug|Any CPU.Build.0 = Debug|Any CPU
		{6BD9624B-B4DC-43AF-BCAE-261AF1EDE9A7}.Release|Any CPU.ActiveCfg = Release|Any CPU
		{6BD9624B-B4DC-43AF-BCAE-261AF1EDE9A7}.Release|Any CPU.Build.0 = Release|Any CPU
		{81521CA6-8909-4CBB-97D3-FEB07E55E334}.Debug|Any CPU.ActiveCfg = Debug|Any CPU
		{81521CA6-8909-4CBB-97D3-FEB07E55E334}.Debug|Any CPU.Build.0 = Debug|Any CPU
		{81521CA6-8909-4CBB-97D3-FEB07E55E334}.Release|Any CPU.ActiveCfg = Release|Any CPU
		{81521CA6-8909-4CBB-97D3-FEB07E55E334}.Release|Any CPU.Build.0 = Release|Any CPU
		{4FBB067E-CDA1-47C3-A702-1C8EBC435F21}.Debug|Any CPU.ActiveCfg = Debug|Any CPU
		{4FBB067E-CDA1-47C3-A702-1C8EBC435F21}.Debug|Any CPU.Build.0 = Debug|Any CPU
		{4FBB067E-CDA1-47C3-A702-1C8EBC435F21}.Release|Any CPU.ActiveCfg = Release|Any CPU
		{4FBB067E-CDA1-47C3-A702-1C8EBC435F21}.Release|Any CPU.Build.0 = Release|Any CPU
	EndGlobalSection
	GlobalSection(SolutionProperties) = preSolution
		HideSolutionNode = FALSE
	EndGlobalSection
	GlobalSection(ExtensibilityGlobals) = postSolution
		SolutionGuid = {E6AA0598-67C6-4C40-BA6D-CEA003BAD5DF}
	EndGlobalSection
EndGlobal
